// !$*UTF8*$!
{
	archiveVersion = 1;
	classes = {
	};
	objectVersion = 46;
	objects = {
/* Begin PBXBuildFile section */
		00E356F31AD99517003FC87E /* MapsTests.m in Sources */ = {isa = PBXBuildFile; fileRef = 00E356F21AD99517003FC87E /* MapsTests.m */; };
		13B07FBC1A68108700A75B9A /* AppDelegate.m in Sources */ = {isa = PBXBuildFile; fileRef = 13B07FB01A68108700A75B9A /* AppDelegate.m */; };
		13B07FBD1A68108700A75B9A /* LaunchScreen.xib in Resources */ = {isa = PBXBuildFile; fileRef = 13B07FB11A68108700A75B9A /* LaunchScreen.xib */; };
		13B07FBF1A68108700A75B9A /* Images.xcassets in Resources */ = {isa = PBXBuildFile; fileRef = 13B07FB51A68108700A75B9A /* Images.xcassets */; };
		13B07FC11A68108700A75B9A /* main.m in Sources */ = {isa = PBXBuildFile; fileRef = 13B07FB71A68108700A75B9A /* main.m */; };
		2D02E4BC1E0B4A80006451C7 /* AppDelegate.m in Sources */ = {isa = PBXBuildFile; fileRef = 13B07FB01A68108700A75B9A /* AppDelegate.m */; };
		2D02E4BD1E0B4A84006451C7 /* Images.xcassets in Resources */ = {isa = PBXBuildFile; fileRef = 13B07FB51A68108700A75B9A /* Images.xcassets */; };
		2D02E4BF1E0B4AB3006451C7 /* main.m in Sources */ = {isa = PBXBuildFile; fileRef = 13B07FB71A68108700A75B9A /* main.m */; };
		2DCD954D1E0B4F2C00145EB5 /* MapsTests.m in Sources */ = {isa = PBXBuildFile; fileRef = 00E356F21AD99517003FC87E /* MapsTests.m */; };
		DB070873E349431683E2C5D4 /* Arial.ttf in Resources */ = {isa = PBXBuildFile; fileRef = 5FF8EF7AF13C44088EF928E4 /* Arial.ttf */; };
		E638F25858AA4829AA4A263E /* BurlingamePro-Black.ttf in Resources */ = {isa = PBXBuildFile; fileRef = 8857A36F71AB479E80AF7385 /* BurlingamePro-Black.ttf */; };
		5B9E2CF960FD493E9A1B973C /* BurlingamePro-BlackItalic.ttf in Resources */ = {isa = PBXBuildFile; fileRef = 498396FE755F4F54B81C2D47 /* BurlingamePro-BlackItalic.ttf */; };
		4EB1A32572A14F4E84D3D337 /* BurlingamePro-Bold.ttf in Resources */ = {isa = PBXBuildFile; fileRef = CC5056F3C925422F93DDBB38 /* BurlingamePro-Bold.ttf */; };
		6075765EF2074314BF68D050 /* BurlingamePro-BoldItalic.ttf in Resources */ = {isa = PBXBuildFile; fileRef = C381148D1EB543FE97AE27C9 /* BurlingamePro-BoldItalic.ttf */; };
		BB3C9A9807A84849A80E4E58 /* BurlingamePro-CnSemiBoldIt.ttf in Resources */ = {isa = PBXBuildFile; fileRef = 0F3387876FC748249EC4E045 /* BurlingamePro-CnSemiBoldIt.ttf */; };
		350D9F2CEAF649049A7A30C2 /* BurlingamePro-CondBlack.ttf in Resources */ = {isa = PBXBuildFile; fileRef = 006A21A83B8F48C3B62534BA /* BurlingamePro-CondBlack.ttf */; };
		92E128FE17584DBFBDE8C78A /* BurlingamePro-CondBlackIt.ttf in Resources */ = {isa = PBXBuildFile; fileRef = 4B39AFEB9ACB4AC1A3A4255F /* BurlingamePro-CondBlackIt.ttf */; };
		082C34EEFB364D8ABEF05822 /* BurlingamePro-CondBold.ttf in Resources */ = {isa = PBXBuildFile; fileRef = 3868B6EF7A474009BEF062A7 /* BurlingamePro-CondBold.ttf */; };
		99ABC8AA42C3482D8470DE43 /* BurlingamePro-CondBoldIt.ttf in Resources */ = {isa = PBXBuildFile; fileRef = 62185CF99A164E71BCCB5DE0 /* BurlingamePro-CondBoldIt.ttf */; };
		3B64E1EEC19C49F8A823E782 /* BurlingamePro-Condensed.ttf in Resources */ = {isa = PBXBuildFile; fileRef = D0786C2BBC3E46568A920EA3 /* BurlingamePro-Condensed.ttf */; };
		0967B521CDAE4FB688E41BAB /* BurlingamePro-CondensedIt.ttf in Resources */ = {isa = PBXBuildFile; fileRef = 07DC2469C51B4613B7F69D8D /* BurlingamePro-CondensedIt.ttf */; };
		8EE2E1E0BCD54EAE81A2A293 /* BurlingamePro-CondLight.ttf in Resources */ = {isa = PBXBuildFile; fileRef = 02BDAAE3235C4492B016BDD0 /* BurlingamePro-CondLight.ttf */; };
		9B53DED4DA7E4FD6A7178572 /* BurlingamePro-CondLightIt.ttf in Resources */ = {isa = PBXBuildFile; fileRef = C6AC554D82EF4D5BB6061B1F /* BurlingamePro-CondLightIt.ttf */; };
		5881DFA739DF4F6D92AADABF /* BurlingamePro-CondMedium.ttf in Resources */ = {isa = PBXBuildFile; fileRef = 64DD981558DD44D8AF8586C3 /* BurlingamePro-CondMedium.ttf */; };
		B608A03461E54264BA5D19BA /* BurlingamePro-CondMediumIt.ttf in Resources */ = {isa = PBXBuildFile; fileRef = 33FA718B876446D782A1DFD1 /* BurlingamePro-CondMediumIt.ttf */; };
		6BE99857750F441189535ED3 /* BurlingamePro-CondSemiBold.ttf in Resources */ = {isa = PBXBuildFile; fileRef = 77E5E9459B4A469597D1CC17 /* BurlingamePro-CondSemiBold.ttf */; };
		D8BA314988674B17838CD502 /* BurlingamePro-CondThin.ttf in Resources */ = {isa = PBXBuildFile; fileRef = 384A47D1E2E34E76A6E41085 /* BurlingamePro-CondThin.ttf */; };
		7C2E7392EF5F43258E916932 /* BurlingamePro-CondThinIt.ttf in Resources */ = {isa = PBXBuildFile; fileRef = D762CCB3109C4A27BA1BCD0A /* BurlingamePro-CondThinIt.ttf */; };
		3E4444BE3F9D4D2FA32E6F93 /* BurlingamePro-CondXBlack.ttf in Resources */ = {isa = PBXBuildFile; fileRef = 9C861841EF094CAFA2BAD794 /* BurlingamePro-CondXBlack.ttf */; };
		50020AC8D0C54332BBA88790 /* BurlingamePro-CondXBlackIt.ttf in Resources */ = {isa = PBXBuildFile; fileRef = F4B4D5B73A5642AFBC8C59C6 /* BurlingamePro-CondXBlackIt.ttf */; };
		B24DCCF6086241B29161A0A0 /* BurlingamePro-CondXBold.ttf in Resources */ = {isa = PBXBuildFile; fileRef = 15CB68FDE4774466BD7B4CB2 /* BurlingamePro-CondXBold.ttf */; };
		A55F021987E249F3881145D3 /* BurlingamePro-CondXBoldIt.ttf in Resources */ = {isa = PBXBuildFile; fileRef = CFA6DBD957D04360AB9F7F5B /* BurlingamePro-CondXBoldIt.ttf */; };
		B2B1CA86CE6F4F53918A0F53 /* BurlingamePro-Italic.ttf in Resources */ = {isa = PBXBuildFile; fileRef = 9DAFEE1A46F74E889D63E09F /* BurlingamePro-Italic.ttf */; };
		409E1AB506A74A3EB5434629 /* BurlingamePro-Light.ttf in Resources */ = {isa = PBXBuildFile; fileRef = 2EB009B23DF84A74B276FA2C /* BurlingamePro-Light.ttf */; };
		AF04B6008B1C446E843CD6BB /* BurlingamePro-LightItalic.ttf in Resources */ = {isa = PBXBuildFile; fileRef = 41001F23735642BA82D698D2 /* BurlingamePro-LightItalic.ttf */; };
		78E35F482381481A8F33E55B /* BurlingamePro-Medium.ttf in Resources */ = {isa = PBXBuildFile; fileRef = 0FEEBCA493264BE9BD1600AC /* BurlingamePro-Medium.ttf */; };
		3822C2515F684F4F81DF6389 /* BurlingamePro-MediumItalic.ttf in Resources */ = {isa = PBXBuildFile; fileRef = 66F4DAAD6AC348B38779CEAE /* BurlingamePro-MediumItalic.ttf */; };
		73C811CDB2CD4FBD8AAD0B02 /* BurlingamePro-Regular.ttf in Resources */ = {isa = PBXBuildFile; fileRef = 456F02DF899841CFBE05766C /* BurlingamePro-Regular.ttf */; };
		CA4A0BF444C64C2EB74720FB /* BurlingamePro-SemiBold.ttf in Resources */ = {isa = PBXBuildFile; fileRef = F7D9933694E745D09BADA00D /* BurlingamePro-SemiBold.ttf */; };
		4C6694156498415A8AB84661 /* BurlingamePro-SemiBoldIt.ttf in Resources */ = {isa = PBXBuildFile; fileRef = 126286CA13A14312B5F762E0 /* BurlingamePro-SemiBoldIt.ttf */; };
		6A1F8E472D6D450F9157FEBD /* BurlingamePro-Thin.ttf in Resources */ = {isa = PBXBuildFile; fileRef = 0564A0AAAE084BCAA57DFF67 /* BurlingamePro-Thin.ttf */; };
		FEAE41605D7845CA9AD5C71A /* BurlingamePro-ThinItalic.ttf in Resources */ = {isa = PBXBuildFile; fileRef = CD910BF7FECE49E8A1DCD3E8 /* BurlingamePro-ThinItalic.ttf */; };
		4601D9D696CE4E73ACB3F73D /* BurlingamePro-XBlack.ttf in Resources */ = {isa = PBXBuildFile; fileRef = C9C3A89BD6504627B64D7459 /* BurlingamePro-XBlack.ttf */; };
		260FF0459ABB4178B458F5F9 /* BurlingamePro-XBlackIt.ttf in Resources */ = {isa = PBXBuildFile; fileRef = CB5F28AD1A574A91BDE36098 /* BurlingamePro-XBlackIt.ttf */; };
		77CBC6CB672A45B0BC6CEC5A /* BurlingamePro-XBold.ttf in Resources */ = {isa = PBXBuildFile; fileRef = 2E6EA9A7D3474C61AD433972 /* BurlingamePro-XBold.ttf */; };
		B04E8D78901D49B88C65E2CA /* BurlingamePro-XBoldIt.ttf in Resources */ = {isa = PBXBuildFile; fileRef = C180ED55486B4B04869D5937 /* BurlingamePro-XBoldIt.ttf */; };
		8D744C2E9DFB46DE9587F3C1 /* HelveticaNeue.ttc in Resources */ = {isa = PBXBuildFile; fileRef = 7D7B319779184826A80098A1 /* HelveticaNeue.ttc */; };
		B06FF3D6E7C5443BAEC82BF4 /* LexendGiga-Regular.ttf in Resources */ = {isa = PBXBuildFile; fileRef = AC47590D747B4457BBCA6AC6 /* LexendGiga-Regular.ttf */; };
		623C8613F8884A62A77651C6 /* MyriadPro-Semibold.otf in Resources */ = {isa = PBXBuildFile; fileRef = 949EAFA8E08C4CDD97032537 /* MyriadPro-Semibold.otf */; };
		BC3F7852EAA54052B2966F74 /* AntDesign.ttf in Resources */ = {isa = PBXBuildFile; fileRef = 1917AF31ADD54A8390147DD1 /* AntDesign.ttf */; };
		FE71F17A3A9D474EB088B05B /* Entypo.ttf in Resources */ = {isa = PBXBuildFile; fileRef = CBE3E21F5E654E31A8784C47 /* Entypo.ttf */; };
		5266A2D4CFD14A5E9F7602AC /* EvilIcons.ttf in Resources */ = {isa = PBXBuildFile; fileRef = 82170F7B6E994CE9B74A3C0D /* EvilIcons.ttf */; };
		D2A2BFAFFE944CA6B3676122 /* Feather.ttf in Resources */ = {isa = PBXBuildFile; fileRef = 56354760AFCD426081F230A8 /* Feather.ttf */; };
		AB96603960694DA89F5D63FA /* FontAwesome.ttf in Resources */ = {isa = PBXBuildFile; fileRef = 0D70BC05DB4B41B8A0200365 /* FontAwesome.ttf */; };
		5489D71D509848DAAA605680 /* FontAwesome5_Brands.ttf in Resources */ = {isa = PBXBuildFile; fileRef = 02571BEB89744B46B8454BB4 /* FontAwesome5_Brands.ttf */; };
		B580108A6BBC4EDA8F48408F /* FontAwesome5_Regular.ttf in Resources */ = {isa = PBXBuildFile; fileRef = 16D87E04932B451E9ED2A9B7 /* FontAwesome5_Regular.ttf */; };
		92FB25E230604848AB67F562 /* FontAwesome5_Solid.ttf in Resources */ = {isa = PBXBuildFile; fileRef = 33A816C7869D4D948EF741FA /* FontAwesome5_Solid.ttf */; };
		4E8B17B413B94789A7A19534 /* Fontisto.ttf in Resources */ = {isa = PBXBuildFile; fileRef = 497F116B3CA443F4B26D7A1C /* Fontisto.ttf */; };
		F4BC7C411B414D7795ED7976 /* Foundation.ttf in Resources */ = {isa = PBXBuildFile; fileRef = 6B3E401854DC4F33B667766D /* Foundation.ttf */; };
		8F9571E64E434490A32A8072 /* Ionicons.ttf in Resources */ = {isa = PBXBuildFile; fileRef = 48F46ED65FD7446D84A0EE49 /* Ionicons.ttf */; };
		CAEAC1BFD76542D48AD48349 /* MaterialCommunityIcons.ttf in Resources */ = {isa = PBXBuildFile; fileRef = 7612538EFD4741E89C8B9801 /* MaterialCommunityIcons.ttf */; };
		EE6C435F1E0D4D89A2BB84CA /* MaterialIcons.ttf in Resources */ = {isa = PBXBuildFile; fileRef = A4FB8FAE77A04E8E95957D5A /* MaterialIcons.ttf */; };
		66C604EDAB954C75A03F33FA /* Octicons.ttf in Resources */ = {isa = PBXBuildFile; fileRef = B1EFF9663BAC467DBD31E775 /* Octicons.ttf */; };
		0B8E799179874A338E434B23 /* SimpleLineIcons.ttf in Resources */ = {isa = PBXBuildFile; fileRef = 911FC624F5194B74897E4D81 /* SimpleLineIcons.ttf */; };
		A9B3EFDF9D11408997765A96 /* Zocial.ttf in Resources */ = {isa = PBXBuildFile; fileRef = A7708E16121448D9B6EF5A78 /* Zocial.ttf */; };
/* End PBXBuildFile section */

/* Begin PBXContainerItemProxy section */
		00E356F41AD99517003FC87E /* PBXContainerItemProxy */ = {
			isa = PBXContainerItemProxy;
			containerPortal = 83CBB9F71A601CBA00E9B192 /* Project object */;
			proxyType = 1;
			remoteGlobalIDString = 13B07F861A680F5B00A75B9A;
			remoteInfo = Maps;
		};
		2D02E4911E0B4A5D006451C7 /* PBXContainerItemProxy */ = {
			isa = PBXContainerItemProxy;
			containerPortal = 83CBB9F71A601CBA00E9B192 /* Project object */;
			proxyType = 1;
			remoteGlobalIDString = 2D02E47A1E0B4A5D006451C7;
			remoteInfo = "Maps-tvOS";
		};
/* End PBXContainerItemProxy section */

/* Begin PBXFileReference section */
		008F07F21AC5B25A0029DE68 /* main.jsbundle */ = {isa = PBXFileReference; fileEncoding = 4; lastKnownFileType = text; path = main.jsbundle; sourceTree = "<group>"; };
		00E356EE1AD99517003FC87E /* MapsTests.xctest */ = {isa = PBXFileReference; explicitFileType = wrapper.cfbundle; includeInIndex = 0; path = MapsTests.xctest; sourceTree = BUILT_PRODUCTS_DIR; };
		00E356F11AD99517003FC87E /* Info.plist */ = {isa = PBXFileReference; lastKnownFileType = text.plist.xml; path = Info.plist; sourceTree = "<group>"; };
		00E356F21AD99517003FC87E /* MapsTests.m */ = {isa = PBXFileReference; lastKnownFileType = sourcecode.c.objc; path = MapsTests.m; sourceTree = "<group>"; };
		13B07F961A680F5B00A75B9A /* Maps.app */ = {isa = PBXFileReference; explicitFileType = wrapper.application; includeInIndex = 0; path = Maps.app; sourceTree = BUILT_PRODUCTS_DIR; };
		13B07FAF1A68108700A75B9A /* AppDelegate.h */ = {isa = PBXFileReference; fileEncoding = 4; lastKnownFileType = sourcecode.c.h; name = AppDelegate.h; path = Maps/AppDelegate.h; sourceTree = "<group>"; };
		13B07FB01A68108700A75B9A /* AppDelegate.m */ = {isa = PBXFileReference; fileEncoding = 4; lastKnownFileType = sourcecode.c.objc; name = AppDelegate.m; path = Maps/AppDelegate.m; sourceTree = "<group>"; };
		13B07FB21A68108700A75B9A /* Base */ = {isa = PBXFileReference; lastKnownFileType = file.xib; name = Base; path = Base.lproj/LaunchScreen.xib; sourceTree = "<group>"; };
		13B07FB51A68108700A75B9A /* Images.xcassets */ = {isa = PBXFileReference; lastKnownFileType = folder.assetcatalog; name = Images.xcassets; path = Maps/Images.xcassets; sourceTree = "<group>"; };
		13B07FB61A68108700A75B9A /* Info.plist */ = {isa = PBXFileReference; fileEncoding = 4; lastKnownFileType = text.plist.xml; name = Info.plist; path = Maps/Info.plist; sourceTree = "<group>"; };
		13B07FB71A68108700A75B9A /* main.m */ = {isa = PBXFileReference; fileEncoding = 4; lastKnownFileType = sourcecode.c.objc; name = main.m; path = Maps/main.m; sourceTree = "<group>"; };
		2D02E47B1E0B4A5D006451C7 /* Maps-tvOS.app */ = {isa = PBXFileReference; explicitFileType = wrapper.application; includeInIndex = 0; path = "Maps-tvOS.app"; sourceTree = BUILT_PRODUCTS_DIR; };
		2D02E4901E0B4A5D006451C7 /* Maps-tvOSTests.xctest */ = {isa = PBXFileReference; explicitFileType = wrapper.cfbundle; includeInIndex = 0; path = "Maps-tvOSTests.xctest"; sourceTree = BUILT_PRODUCTS_DIR; };
		ED297162215061F000B7C4FE /* JavaScriptCore.framework */ = {isa = PBXFileReference; lastKnownFileType = wrapper.framework; name = JavaScriptCore.framework; path = System/Library/Frameworks/JavaScriptCore.framework; sourceTree = SDKROOT; };
		ED2971642150620600B7C4FE /* JavaScriptCore.framework */ = {isa = PBXFileReference; lastKnownFileType = wrapper.framework; name = JavaScriptCore.framework; path = Platforms/AppleTVOS.platform/Developer/SDKs/AppleTVOS12.0.sdk/System/Library/Frameworks/JavaScriptCore.framework; sourceTree = DEVELOPER_DIR; };
		5FF8EF7AF13C44088EF928E4 /* Arial.ttf */ = {isa = PBXFileReference; name = "Arial.ttf"; path = "../Assets/Font/Arial.ttf"; sourceTree = "<group>"; fileEncoding = undefined; lastKnownFileType = unknown; explicitFileType = undefined; includeInIndex = 0; };
		8857A36F71AB479E80AF7385 /* BurlingamePro-Black.ttf */ = {isa = PBXFileReference; name = "BurlingamePro-Black.ttf"; path = "../Assets/Font/BurlingamePro-Black.ttf"; sourceTree = "<group>"; fileEncoding = undefined; lastKnownFileType = unknown; explicitFileType = undefined; includeInIndex = 0; };
		498396FE755F4F54B81C2D47 /* BurlingamePro-BlackItalic.ttf */ = {isa = PBXFileReference; name = "BurlingamePro-BlackItalic.ttf"; path = "../Assets/Font/BurlingamePro-BlackItalic.ttf"; sourceTree = "<group>"; fileEncoding = undefined; lastKnownFileType = unknown; explicitFileType = undefined; includeInIndex = 0; };
		CC5056F3C925422F93DDBB38 /* BurlingamePro-Bold.ttf */ = {isa = PBXFileReference; name = "BurlingamePro-Bold.ttf"; path = "../Assets/Font/BurlingamePro-Bold.ttf"; sourceTree = "<group>"; fileEncoding = undefined; lastKnownFileType = unknown; explicitFileType = undefined; includeInIndex = 0; };
		C381148D1EB543FE97AE27C9 /* BurlingamePro-BoldItalic.ttf */ = {isa = PBXFileReference; name = "BurlingamePro-BoldItalic.ttf"; path = "../Assets/Font/BurlingamePro-BoldItalic.ttf"; sourceTree = "<group>"; fileEncoding = undefined; lastKnownFileType = unknown; explicitFileType = undefined; includeInIndex = 0; };
		0F3387876FC748249EC4E045 /* BurlingamePro-CnSemiBoldIt.ttf */ = {isa = PBXFileReference; name = "BurlingamePro-CnSemiBoldIt.ttf"; path = "../Assets/Font/BurlingamePro-CnSemiBoldIt.ttf"; sourceTree = "<group>"; fileEncoding = undefined; lastKnownFileType = unknown; explicitFileType = undefined; includeInIndex = 0; };
		006A21A83B8F48C3B62534BA /* BurlingamePro-CondBlack.ttf */ = {isa = PBXFileReference; name = "BurlingamePro-CondBlack.ttf"; path = "../Assets/Font/BurlingamePro-CondBlack.ttf"; sourceTree = "<group>"; fileEncoding = undefined; lastKnownFileType = unknown; explicitFileType = undefined; includeInIndex = 0; };
		4B39AFEB9ACB4AC1A3A4255F /* BurlingamePro-CondBlackIt.ttf */ = {isa = PBXFileReference; name = "BurlingamePro-CondBlackIt.ttf"; path = "../Assets/Font/BurlingamePro-CondBlackIt.ttf"; sourceTree = "<group>"; fileEncoding = undefined; lastKnownFileType = unknown; explicitFileType = undefined; includeInIndex = 0; };
		3868B6EF7A474009BEF062A7 /* BurlingamePro-CondBold.ttf */ = {isa = PBXFileReference; name = "BurlingamePro-CondBold.ttf"; path = "../Assets/Font/BurlingamePro-CondBold.ttf"; sourceTree = "<group>"; fileEncoding = undefined; lastKnownFileType = unknown; explicitFileType = undefined; includeInIndex = 0; };
		62185CF99A164E71BCCB5DE0 /* BurlingamePro-CondBoldIt.ttf */ = {isa = PBXFileReference; name = "BurlingamePro-CondBoldIt.ttf"; path = "../Assets/Font/BurlingamePro-CondBoldIt.ttf"; sourceTree = "<group>"; fileEncoding = undefined; lastKnownFileType = unknown; explicitFileType = undefined; includeInIndex = 0; };
		D0786C2BBC3E46568A920EA3 /* BurlingamePro-Condensed.ttf */ = {isa = PBXFileReference; name = "BurlingamePro-Condensed.ttf"; path = "../Assets/Font/BurlingamePro-Condensed.ttf"; sourceTree = "<group>"; fileEncoding = undefined; lastKnownFileType = unknown; explicitFileType = undefined; includeInIndex = 0; };
		07DC2469C51B4613B7F69D8D /* BurlingamePro-CondensedIt.ttf */ = {isa = PBXFileReference; name = "BurlingamePro-CondensedIt.ttf"; path = "../Assets/Font/BurlingamePro-CondensedIt.ttf"; sourceTree = "<group>"; fileEncoding = undefined; lastKnownFileType = unknown; explicitFileType = undefined; includeInIndex = 0; };
		02BDAAE3235C4492B016BDD0 /* BurlingamePro-CondLight.ttf */ = {isa = PBXFileReference; name = "BurlingamePro-CondLight.ttf"; path = "../Assets/Font/BurlingamePro-CondLight.ttf"; sourceTree = "<group>"; fileEncoding = undefined; lastKnownFileType = unknown; explicitFileType = undefined; includeInIndex = 0; };
		C6AC554D82EF4D5BB6061B1F /* BurlingamePro-CondLightIt.ttf */ = {isa = PBXFileReference; name = "BurlingamePro-CondLightIt.ttf"; path = "../Assets/Font/BurlingamePro-CondLightIt.ttf"; sourceTree = "<group>"; fileEncoding = undefined; lastKnownFileType = unknown; explicitFileType = undefined; includeInIndex = 0; };
		64DD981558DD44D8AF8586C3 /* BurlingamePro-CondMedium.ttf */ = {isa = PBXFileReference; name = "BurlingamePro-CondMedium.ttf"; path = "../Assets/Font/BurlingamePro-CondMedium.ttf"; sourceTree = "<group>"; fileEncoding = undefined; lastKnownFileType = unknown; explicitFileType = undefined; includeInIndex = 0; };
		33FA718B876446D782A1DFD1 /* BurlingamePro-CondMediumIt.ttf */ = {isa = PBXFileReference; name = "BurlingamePro-CondMediumIt.ttf"; path = "../Assets/Font/BurlingamePro-CondMediumIt.ttf"; sourceTree = "<group>"; fileEncoding = undefined; lastKnownFileType = unknown; explicitFileType = undefined; includeInIndex = 0; };
		77E5E9459B4A469597D1CC17 /* BurlingamePro-CondSemiBold.ttf */ = {isa = PBXFileReference; name = "BurlingamePro-CondSemiBold.ttf"; path = "../Assets/Font/BurlingamePro-CondSemiBold.ttf"; sourceTree = "<group>"; fileEncoding = undefined; lastKnownFileType = unknown; explicitFileType = undefined; includeInIndex = 0; };
		384A47D1E2E34E76A6E41085 /* BurlingamePro-CondThin.ttf */ = {isa = PBXFileReference; name = "BurlingamePro-CondThin.ttf"; path = "../Assets/Font/BurlingamePro-CondThin.ttf"; sourceTree = "<group>"; fileEncoding = undefined; lastKnownFileType = unknown; explicitFileType = undefined; includeInIndex = 0; };
		D762CCB3109C4A27BA1BCD0A /* BurlingamePro-CondThinIt.ttf */ = {isa = PBXFileReference; name = "BurlingamePro-CondThinIt.ttf"; path = "../Assets/Font/BurlingamePro-CondThinIt.ttf"; sourceTree = "<group>"; fileEncoding = undefined; lastKnownFileType = unknown; explicitFileType = undefined; includeInIndex = 0; };
		9C861841EF094CAFA2BAD794 /* BurlingamePro-CondXBlack.ttf */ = {isa = PBXFileReference; name = "BurlingamePro-CondXBlack.ttf"; path = "../Assets/Font/BurlingamePro-CondXBlack.ttf"; sourceTree = "<group>"; fileEncoding = undefined; lastKnownFileType = unknown; explicitFileType = undefined; includeInIndex = 0; };
		F4B4D5B73A5642AFBC8C59C6 /* BurlingamePro-CondXBlackIt.ttf */ = {isa = PBXFileReference; name = "BurlingamePro-CondXBlackIt.ttf"; path = "../Assets/Font/BurlingamePro-CondXBlackIt.ttf"; sourceTree = "<group>"; fileEncoding = undefined; lastKnownFileType = unknown; explicitFileType = undefined; includeInIndex = 0; };
		15CB68FDE4774466BD7B4CB2 /* BurlingamePro-CondXBold.ttf */ = {isa = PBXFileReference; name = "BurlingamePro-CondXBold.ttf"; path = "../Assets/Font/BurlingamePro-CondXBold.ttf"; sourceTree = "<group>"; fileEncoding = undefined; lastKnownFileType = unknown; explicitFileType = undefined; includeInIndex = 0; };
		CFA6DBD957D04360AB9F7F5B /* BurlingamePro-CondXBoldIt.ttf */ = {isa = PBXFileReference; name = "BurlingamePro-CondXBoldIt.ttf"; path = "../Assets/Font/BurlingamePro-CondXBoldIt.ttf"; sourceTree = "<group>"; fileEncoding = undefined; lastKnownFileType = unknown; explicitFileType = undefined; includeInIndex = 0; };
		9DAFEE1A46F74E889D63E09F /* BurlingamePro-Italic.ttf */ = {isa = PBXFileReference; name = "BurlingamePro-Italic.ttf"; path = "../Assets/Font/BurlingamePro-Italic.ttf"; sourceTree = "<group>"; fileEncoding = undefined; lastKnownFileType = unknown; explicitFileType = undefined; includeInIndex = 0; };
		2EB009B23DF84A74B276FA2C /* BurlingamePro-Light.ttf */ = {isa = PBXFileReference; name = "BurlingamePro-Light.ttf"; path = "../Assets/Font/BurlingamePro-Light.ttf"; sourceTree = "<group>"; fileEncoding = undefined; lastKnownFileType = unknown; explicitFileType = undefined; includeInIndex = 0; };
		41001F23735642BA82D698D2 /* BurlingamePro-LightItalic.ttf */ = {isa = PBXFileReference; name = "BurlingamePro-LightItalic.ttf"; path = "../Assets/Font/BurlingamePro-LightItalic.ttf"; sourceTree = "<group>"; fileEncoding = undefined; lastKnownFileType = unknown; explicitFileType = undefined; includeInIndex = 0; };
		0FEEBCA493264BE9BD1600AC /* BurlingamePro-Medium.ttf */ = {isa = PBXFileReference; name = "BurlingamePro-Medium.ttf"; path = "../Assets/Font/BurlingamePro-Medium.ttf"; sourceTree = "<group>"; fileEncoding = undefined; lastKnownFileType = unknown; explicitFileType = undefined; includeInIndex = 0; };
		66F4DAAD6AC348B38779CEAE /* BurlingamePro-MediumItalic.ttf */ = {isa = PBXFileReference; name = "BurlingamePro-MediumItalic.ttf"; path = "../Assets/Font/BurlingamePro-MediumItalic.ttf"; sourceTree = "<group>"; fileEncoding = undefined; lastKnownFileType = unknown; explicitFileType = undefined; includeInIndex = 0; };
		456F02DF899841CFBE05766C /* BurlingamePro-Regular.ttf */ = {isa = PBXFileReference; name = "BurlingamePro-Regular.ttf"; path = "../Assets/Font/BurlingamePro-Regular.ttf"; sourceTree = "<group>"; fileEncoding = undefined; lastKnownFileType = unknown; explicitFileType = undefined; includeInIndex = 0; };
		F7D9933694E745D09BADA00D /* BurlingamePro-SemiBold.ttf */ = {isa = PBXFileReference; name = "BurlingamePro-SemiBold.ttf"; path = "../Assets/Font/BurlingamePro-SemiBold.ttf"; sourceTree = "<group>"; fileEncoding = undefined; lastKnownFileType = unknown; explicitFileType = undefined; includeInIndex = 0; };
		126286CA13A14312B5F762E0 /* BurlingamePro-SemiBoldIt.ttf */ = {isa = PBXFileReference; name = "BurlingamePro-SemiBoldIt.ttf"; path = "../Assets/Font/BurlingamePro-SemiBoldIt.ttf"; sourceTree = "<group>"; fileEncoding = undefined; lastKnownFileType = unknown; explicitFileType = undefined; includeInIndex = 0; };
		0564A0AAAE084BCAA57DFF67 /* BurlingamePro-Thin.ttf */ = {isa = PBXFileReference; name = "BurlingamePro-Thin.ttf"; path = "../Assets/Font/BurlingamePro-Thin.ttf"; sourceTree = "<group>"; fileEncoding = undefined; lastKnownFileType = unknown; explicitFileType = undefined; includeInIndex = 0; };
		CD910BF7FECE49E8A1DCD3E8 /* BurlingamePro-ThinItalic.ttf */ = {isa = PBXFileReference; name = "BurlingamePro-ThinItalic.ttf"; path = "../Assets/Font/BurlingamePro-ThinItalic.ttf"; sourceTree = "<group>"; fileEncoding = undefined; lastKnownFileType = unknown; explicitFileType = undefined; includeInIndex = 0; };
		C9C3A89BD6504627B64D7459 /* BurlingamePro-XBlack.ttf */ = {isa = PBXFileReference; name = "BurlingamePro-XBlack.ttf"; path = "../Assets/Font/BurlingamePro-XBlack.ttf"; sourceTree = "<group>"; fileEncoding = undefined; lastKnownFileType = unknown; explicitFileType = undefined; includeInIndex = 0; };
		CB5F28AD1A574A91BDE36098 /* BurlingamePro-XBlackIt.ttf */ = {isa = PBXFileReference; name = "BurlingamePro-XBlackIt.ttf"; path = "../Assets/Font/BurlingamePro-XBlackIt.ttf"; sourceTree = "<group>"; fileEncoding = undefined; lastKnownFileType = unknown; explicitFileType = undefined; includeInIndex = 0; };
		2E6EA9A7D3474C61AD433972 /* BurlingamePro-XBold.ttf */ = {isa = PBXFileReference; name = "BurlingamePro-XBold.ttf"; path = "../Assets/Font/BurlingamePro-XBold.ttf"; sourceTree = "<group>"; fileEncoding = undefined; lastKnownFileType = unknown; explicitFileType = undefined; includeInIndex = 0; };
		C180ED55486B4B04869D5937 /* BurlingamePro-XBoldIt.ttf */ = {isa = PBXFileReference; name = "BurlingamePro-XBoldIt.ttf"; path = "../Assets/Font/BurlingamePro-XBoldIt.ttf"; sourceTree = "<group>"; fileEncoding = undefined; lastKnownFileType = unknown; explicitFileType = undefined; includeInIndex = 0; };
		7D7B319779184826A80098A1 /* HelveticaNeue.ttc */ = {isa = PBXFileReference; name = "HelveticaNeue.ttc"; path = "../Assets/Font/HelveticaNeue.ttc"; sourceTree = "<group>"; fileEncoding = undefined; lastKnownFileType = unknown; explicitFileType = undefined; includeInIndex = 0; };
		AC47590D747B4457BBCA6AC6 /* LexendGiga-Regular.ttf */ = {isa = PBXFileReference; name = "LexendGiga-Regular.ttf"; path = "../Assets/Font/LexendGiga-Regular.ttf"; sourceTree = "<group>"; fileEncoding = undefined; lastKnownFileType = unknown; explicitFileType = undefined; includeInIndex = 0; };
		949EAFA8E08C4CDD97032537 /* MyriadPro-Semibold.otf */ = {isa = PBXFileReference; name = "MyriadPro-Semibold.otf"; path = "../Assets/Font/MyriadPro-Semibold.otf"; sourceTree = "<group>"; fileEncoding = undefined; lastKnownFileType = unknown; explicitFileType = undefined; includeInIndex = 0; };
		1917AF31ADD54A8390147DD1 /* AntDesign.ttf */ = {isa = PBXFileReference; name = "AntDesign.ttf"; path = "../node_modules/react-native-vector-icons/Fonts/AntDesign.ttf"; sourceTree = "<group>"; fileEncoding = undefined; lastKnownFileType = unknown; explicitFileType = undefined; includeInIndex = 0; };
		CBE3E21F5E654E31A8784C47 /* Entypo.ttf */ = {isa = PBXFileReference; name = "Entypo.ttf"; path = "../node_modules/react-native-vector-icons/Fonts/Entypo.ttf"; sourceTree = "<group>"; fileEncoding = undefined; lastKnownFileType = unknown; explicitFileType = undefined; includeInIndex = 0; };
		82170F7B6E994CE9B74A3C0D /* EvilIcons.ttf */ = {isa = PBXFileReference; name = "EvilIcons.ttf"; path = "../node_modules/react-native-vector-icons/Fonts/EvilIcons.ttf"; sourceTree = "<group>"; fileEncoding = undefined; lastKnownFileType = unknown; explicitFileType = undefined; includeInIndex = 0; };
		56354760AFCD426081F230A8 /* Feather.ttf */ = {isa = PBXFileReference; name = "Feather.ttf"; path = "../node_modules/react-native-vector-icons/Fonts/Feather.ttf"; sourceTree = "<group>"; fileEncoding = undefined; lastKnownFileType = unknown; explicitFileType = undefined; includeInIndex = 0; };
		0D70BC05DB4B41B8A0200365 /* FontAwesome.ttf */ = {isa = PBXFileReference; name = "FontAwesome.ttf"; path = "../node_modules/react-native-vector-icons/Fonts/FontAwesome.ttf"; sourceTree = "<group>"; fileEncoding = undefined; lastKnownFileType = unknown; explicitFileType = undefined; includeInIndex = 0; };
		02571BEB89744B46B8454BB4 /* FontAwesome5_Brands.ttf */ = {isa = PBXFileReference; name = "FontAwesome5_Brands.ttf"; path = "../node_modules/react-native-vector-icons/Fonts/FontAwesome5_Brands.ttf"; sourceTree = "<group>"; fileEncoding = undefined; lastKnownFileType = unknown; explicitFileType = undefined; includeInIndex = 0; };
		16D87E04932B451E9ED2A9B7 /* FontAwesome5_Regular.ttf */ = {isa = PBXFileReference; name = "FontAwesome5_Regular.ttf"; path = "../node_modules/react-native-vector-icons/Fonts/FontAwesome5_Regular.ttf"; sourceTree = "<group>"; fileEncoding = undefined; lastKnownFileType = unknown; explicitFileType = undefined; includeInIndex = 0; };
		33A816C7869D4D948EF741FA /* FontAwesome5_Solid.ttf */ = {isa = PBXFileReference; name = "FontAwesome5_Solid.ttf"; path = "../node_modules/react-native-vector-icons/Fonts/FontAwesome5_Solid.ttf"; sourceTree = "<group>"; fileEncoding = undefined; lastKnownFileType = unknown; explicitFileType = undefined; includeInIndex = 0; };
		497F116B3CA443F4B26D7A1C /* Fontisto.ttf */ = {isa = PBXFileReference; name = "Fontisto.ttf"; path = "../node_modules/react-native-vector-icons/Fonts/Fontisto.ttf"; sourceTree = "<group>"; fileEncoding = undefined; lastKnownFileType = unknown; explicitFileType = undefined; includeInIndex = 0; };
		6B3E401854DC4F33B667766D /* Foundation.ttf */ = {isa = PBXFileReference; name = "Foundation.ttf"; path = "../node_modules/react-native-vector-icons/Fonts/Foundation.ttf"; sourceTree = "<group>"; fileEncoding = undefined; lastKnownFileType = unknown; explicitFileType = undefined; includeInIndex = 0; };
		48F46ED65FD7446D84A0EE49 /* Ionicons.ttf */ = {isa = PBXFileReference; name = "Ionicons.ttf"; path = "../node_modules/react-native-vector-icons/Fonts/Ionicons.ttf"; sourceTree = "<group>"; fileEncoding = undefined; lastKnownFileType = unknown; explicitFileType = undefined; includeInIndex = 0; };
		7612538EFD4741E89C8B9801 /* MaterialCommunityIcons.ttf */ = {isa = PBXFileReference; name = "MaterialCommunityIcons.ttf"; path = "../node_modules/react-native-vector-icons/Fonts/MaterialCommunityIcons.ttf"; sourceTree = "<group>"; fileEncoding = undefined; lastKnownFileType = unknown; explicitFileType = undefined; includeInIndex = 0; };
		A4FB8FAE77A04E8E95957D5A /* MaterialIcons.ttf */ = {isa = PBXFileReference; name = "MaterialIcons.ttf"; path = "../node_modules/react-native-vector-icons/Fonts/MaterialIcons.ttf"; sourceTree = "<group>"; fileEncoding = undefined; lastKnownFileType = unknown; explicitFileType = undefined; includeInIndex = 0; };
		B1EFF9663BAC467DBD31E775 /* Octicons.ttf */ = {isa = PBXFileReference; name = "Octicons.ttf"; path = "../node_modules/react-native-vector-icons/Fonts/Octicons.ttf"; sourceTree = "<group>"; fileEncoding = undefined; lastKnownFileType = unknown; explicitFileType = undefined; includeInIndex = 0; };
		911FC624F5194B74897E4D81 /* SimpleLineIcons.ttf */ = {isa = PBXFileReference; name = "SimpleLineIcons.ttf"; path = "../node_modules/react-native-vector-icons/Fonts/SimpleLineIcons.ttf"; sourceTree = "<group>"; fileEncoding = undefined; lastKnownFileType = unknown; explicitFileType = undefined; includeInIndex = 0; };
		A7708E16121448D9B6EF5A78 /* Zocial.ttf */ = {isa = PBXFileReference; name = "Zocial.ttf"; path = "../node_modules/react-native-vector-icons/Fonts/Zocial.ttf"; sourceTree = "<group>"; fileEncoding = undefined; lastKnownFileType = unknown; explicitFileType = undefined; includeInIndex = 0; };
/* End PBXFileReference section */

/* Begin PBXFrameworksBuildPhase section */
		00E356EB1AD99517003FC87E /* Frameworks */ = {
			isa = PBXFrameworksBuildPhase;
			buildActionMask = 2147483647;
			files = (
			);
			runOnlyForDeploymentPostprocessing = 0;
		};
		13B07F8C1A680F5B00A75B9A /* Frameworks */ = {
			isa = PBXFrameworksBuildPhase;
			buildActionMask = 2147483647;
			files = (
			);
			runOnlyForDeploymentPostprocessing = 0;
		};
		2D02E4781E0B4A5D006451C7 /* Frameworks */ = {
			isa = PBXFrameworksBuildPhase;
			buildActionMask = 2147483647;
			files = (
			);
			runOnlyForDeploymentPostprocessing = 0;
		};
		2D02E48D1E0B4A5D006451C7 /* Frameworks */ = {
			isa = PBXFrameworksBuildPhase;
			buildActionMask = 2147483647;
			files = (
			);
			runOnlyForDeploymentPostprocessing = 0;
		};
/* End PBXFrameworksBuildPhase section */

/* Begin PBXGroup section */
		00E356EF1AD99517003FC87E /* MapsTests */ = {
			isa = PBXGroup;
			children = (
				00E356F21AD99517003FC87E /* MapsTests.m */,
				00E356F01AD99517003FC87E /* Supporting Files */,
			);
			path = MapsTests;
			sourceTree = "<group>";
		};
		00E356F01AD99517003FC87E /* Supporting Files */ = {
			isa = PBXGroup;
			children = (
				00E356F11AD99517003FC87E /* Info.plist */,
			);
			name = "Supporting Files";
			sourceTree = "<group>";
		};
		13B07FAE1A68108700A75B9A /* Maps */ = {
			isa = PBXGroup;
			children = (
				008F07F21AC5B25A0029DE68 /* main.jsbundle */,
				13B07FAF1A68108700A75B9A /* AppDelegate.h */,
				13B07FB01A68108700A75B9A /* AppDelegate.m */,
				13B07FB51A68108700A75B9A /* Images.xcassets */,
				13B07FB61A68108700A75B9A /* Info.plist */,
				13B07FB11A68108700A75B9A /* LaunchScreen.xib */,
				13B07FB71A68108700A75B9A /* main.m */,
			);
			name = Maps;
			sourceTree = "<group>";
		};
		2D16E6871FA4F8E400B85C8A /* Frameworks */ = {
			isa = PBXGroup;
			children = (
				ED297162215061F000B7C4FE /* JavaScriptCore.framework */,
				ED2971642150620600B7C4FE /* JavaScriptCore.framework */,
			);
			name = Frameworks;
			sourceTree = "<group>";
		};
		832341AE1AAA6A7D00B99B32 /* Libraries */ = {
			isa = PBXGroup;
			children = (
			);
			name = Libraries;
			sourceTree = "<group>";
		};
		83CBB9F61A601CBA00E9B192 = {
			isa = PBXGroup;
			children = (
				13B07FAE1A68108700A75B9A /* Maps */,
				832341AE1AAA6A7D00B99B32 /* Libraries */,
				00E356EF1AD99517003FC87E /* MapsTests */,
				83CBBA001A601CBA00E9B192 /* Products */,
				2D16E6871FA4F8E400B85C8A /* Frameworks */,
				78B8A5A3BB294CABA7216781 /* Resources */,
			);
			indentWidth = 2;
			sourceTree = "<group>";
			tabWidth = 2;
			usesTabs = 0;
		};
		83CBBA001A601CBA00E9B192 /* Products */ = {
			isa = PBXGroup;
			children = (
				13B07F961A680F5B00A75B9A /* Maps.app */,
				00E356EE1AD99517003FC87E /* MapsTests.xctest */,
				2D02E47B1E0B4A5D006451C7 /* Maps-tvOS.app */,
				2D02E4901E0B4A5D006451C7 /* Maps-tvOSTests.xctest */,
			);
			name = Products;
			sourceTree = "<group>";
		};
		78B8A5A3BB294CABA7216781 /* Resources */ = {
			isa = "PBXGroup";
			children = (
				5FF8EF7AF13C44088EF928E4 /* Arial.ttf */,
				8857A36F71AB479E80AF7385 /* BurlingamePro-Black.ttf */,
				498396FE755F4F54B81C2D47 /* BurlingamePro-BlackItalic.ttf */,
				CC5056F3C925422F93DDBB38 /* BurlingamePro-Bold.ttf */,
				C381148D1EB543FE97AE27C9 /* BurlingamePro-BoldItalic.ttf */,
				0F3387876FC748249EC4E045 /* BurlingamePro-CnSemiBoldIt.ttf */,
				006A21A83B8F48C3B62534BA /* BurlingamePro-CondBlack.ttf */,
				4B39AFEB9ACB4AC1A3A4255F /* BurlingamePro-CondBlackIt.ttf */,
				3868B6EF7A474009BEF062A7 /* BurlingamePro-CondBold.ttf */,
				62185CF99A164E71BCCB5DE0 /* BurlingamePro-CondBoldIt.ttf */,
				D0786C2BBC3E46568A920EA3 /* BurlingamePro-Condensed.ttf */,
				07DC2469C51B4613B7F69D8D /* BurlingamePro-CondensedIt.ttf */,
				02BDAAE3235C4492B016BDD0 /* BurlingamePro-CondLight.ttf */,
				C6AC554D82EF4D5BB6061B1F /* BurlingamePro-CondLightIt.ttf */,
				64DD981558DD44D8AF8586C3 /* BurlingamePro-CondMedium.ttf */,
				33FA718B876446D782A1DFD1 /* BurlingamePro-CondMediumIt.ttf */,
				77E5E9459B4A469597D1CC17 /* BurlingamePro-CondSemiBold.ttf */,
				384A47D1E2E34E76A6E41085 /* BurlingamePro-CondThin.ttf */,
				D762CCB3109C4A27BA1BCD0A /* BurlingamePro-CondThinIt.ttf */,
				9C861841EF094CAFA2BAD794 /* BurlingamePro-CondXBlack.ttf */,
				F4B4D5B73A5642AFBC8C59C6 /* BurlingamePro-CondXBlackIt.ttf */,
				15CB68FDE4774466BD7B4CB2 /* BurlingamePro-CondXBold.ttf */,
				CFA6DBD957D04360AB9F7F5B /* BurlingamePro-CondXBoldIt.ttf */,
				9DAFEE1A46F74E889D63E09F /* BurlingamePro-Italic.ttf */,
				2EB009B23DF84A74B276FA2C /* BurlingamePro-Light.ttf */,
				41001F23735642BA82D698D2 /* BurlingamePro-LightItalic.ttf */,
				0FEEBCA493264BE9BD1600AC /* BurlingamePro-Medium.ttf */,
				66F4DAAD6AC348B38779CEAE /* BurlingamePro-MediumItalic.ttf */,
				456F02DF899841CFBE05766C /* BurlingamePro-Regular.ttf */,
				F7D9933694E745D09BADA00D /* BurlingamePro-SemiBold.ttf */,
				126286CA13A14312B5F762E0 /* BurlingamePro-SemiBoldIt.ttf */,
				0564A0AAAE084BCAA57DFF67 /* BurlingamePro-Thin.ttf */,
				CD910BF7FECE49E8A1DCD3E8 /* BurlingamePro-ThinItalic.ttf */,
				C9C3A89BD6504627B64D7459 /* BurlingamePro-XBlack.ttf */,
				CB5F28AD1A574A91BDE36098 /* BurlingamePro-XBlackIt.ttf */,
				2E6EA9A7D3474C61AD433972 /* BurlingamePro-XBold.ttf */,
				C180ED55486B4B04869D5937 /* BurlingamePro-XBoldIt.ttf */,
				7D7B319779184826A80098A1 /* HelveticaNeue.ttc */,
				AC47590D747B4457BBCA6AC6 /* LexendGiga-Regular.ttf */,
				949EAFA8E08C4CDD97032537 /* MyriadPro-Semibold.otf */,
				1917AF31ADD54A8390147DD1 /* AntDesign.ttf */,
				CBE3E21F5E654E31A8784C47 /* Entypo.ttf */,
				82170F7B6E994CE9B74A3C0D /* EvilIcons.ttf */,
				56354760AFCD426081F230A8 /* Feather.ttf */,
				0D70BC05DB4B41B8A0200365 /* FontAwesome.ttf */,
				02571BEB89744B46B8454BB4 /* FontAwesome5_Brands.ttf */,
				16D87E04932B451E9ED2A9B7 /* FontAwesome5_Regular.ttf */,
				33A816C7869D4D948EF741FA /* FontAwesome5_Solid.ttf */,
				497F116B3CA443F4B26D7A1C /* Fontisto.ttf */,
				6B3E401854DC4F33B667766D /* Foundation.ttf */,
				48F46ED65FD7446D84A0EE49 /* Ionicons.ttf */,
				7612538EFD4741E89C8B9801 /* MaterialCommunityIcons.ttf */,
				A4FB8FAE77A04E8E95957D5A /* MaterialIcons.ttf */,
				B1EFF9663BAC467DBD31E775 /* Octicons.ttf */,
				911FC624F5194B74897E4D81 /* SimpleLineIcons.ttf */,
				A7708E16121448D9B6EF5A78 /* Zocial.ttf */,
			);
			name = Resources;
			sourceTree = "<group>";
			path = "";
		};
/* End PBXGroup section */

/* Begin PBXNativeTarget section */
		00E356ED1AD99517003FC87E /* MapsTests */ = {
			isa = PBXNativeTarget;
			buildConfigurationList = 00E357021AD99517003FC87E /* Build configuration list for PBXNativeTarget "MapsTests" */;
			buildPhases = (
				00E356EA1AD99517003FC87E /* Sources */,
				00E356EB1AD99517003FC87E /* Frameworks */,
				00E356EC1AD99517003FC87E /* Resources */,
			);
			buildRules = (
			);
			dependencies = (
				00E356F51AD99517003FC87E /* PBXTargetDependency */,
			);
			name = MapsTests;
			productName = MapsTests;
			productReference = 00E356EE1AD99517003FC87E /* MapsTests.xctest */;
			productType = "com.apple.product-type.bundle.unit-test";
		};
		13B07F861A680F5B00A75B9A /* Maps */ = {
			isa = PBXNativeTarget;
			buildConfigurationList = 13B07F931A680F5B00A75B9A /* Build configuration list for PBXNativeTarget "Maps" */;
			buildPhases = (
				FD10A7F022414F080027D42C /* Start Packager */,
				13B07F871A680F5B00A75B9A /* Sources */,
				13B07F8C1A680F5B00A75B9A /* Frameworks */,
				13B07F8E1A680F5B00A75B9A /* Resources */,
				00DD1BFF1BD5951E006B06BC /* Bundle React Native code and images */,
			);
			buildRules = (
			);
			dependencies = (
			);
			name = Maps;
			productName = "Maps";
			productReference = 13B07F961A680F5B00A75B9A /* Maps.app */;
			productType = "com.apple.product-type.application";
		};
		2D02E47A1E0B4A5D006451C7 /* Maps-tvOS */ = {
			isa = PBXNativeTarget;
			buildConfigurationList = 2D02E4BA1E0B4A5E006451C7 /* Build configuration list for PBXNativeTarget "Maps-tvOS" */;
			buildPhases = (
				FD10A7F122414F3F0027D42C /* Start Packager */,
				2D02E4771E0B4A5D006451C7 /* Sources */,
				2D02E4781E0B4A5D006451C7 /* Frameworks */,
				2D02E4791E0B4A5D006451C7 /* Resources */,
				2D02E4CB1E0B4B27006451C7 /* Bundle React Native Code And Images */,
			);
			buildRules = (
			);
			dependencies = (
			);
			name = "Maps-tvOS";
			productName = "Maps-tvOS";
			productReference = 2D02E47B1E0B4A5D006451C7 /* Maps-tvOS.app */;
			productType = "com.apple.product-type.application";
		};
		2D02E48F1E0B4A5D006451C7 /* Maps-tvOSTests */ = {
			isa = PBXNativeTarget;
			buildConfigurationList = 2D02E4BB1E0B4A5E006451C7 /* Build configuration list for PBXNativeTarget "Maps-tvOSTests" */;
			buildPhases = (
				2D02E48C1E0B4A5D006451C7 /* Sources */,
				2D02E48D1E0B4A5D006451C7 /* Frameworks */,
				2D02E48E1E0B4A5D006451C7 /* Resources */,
			);
			buildRules = (
			);
			dependencies = (
				2D02E4921E0B4A5D006451C7 /* PBXTargetDependency */,
			);
			name = "Maps-tvOSTests";
			productName = "Maps-tvOSTests";
			productReference = 2D02E4901E0B4A5D006451C7 /* Maps-tvOSTests.xctest */;
			productType = "com.apple.product-type.bundle.unit-test";
		};
/* End PBXNativeTarget section */

/* Begin PBXProject section */
		83CBB9F71A601CBA00E9B192 /* Project object */ = {
			isa = PBXProject;
			attributes = {
				LastUpgradeCheck = 940;
				ORGANIZATIONNAME = Facebook;
				TargetAttributes = {
					00E356ED1AD99517003FC87E = {
						CreatedOnToolsVersion = 6.2;
						TestTargetID = 13B07F861A680F5B00A75B9A;
					};
					2D02E47A1E0B4A5D006451C7 = {
						CreatedOnToolsVersion = 8.2.1;
						ProvisioningStyle = Automatic;
					};
					2D02E48F1E0B4A5D006451C7 = {
						CreatedOnToolsVersion = 8.2.1;
						ProvisioningStyle = Automatic;
						TestTargetID = 2D02E47A1E0B4A5D006451C7;
					};
				};
			};
			buildConfigurationList = 83CBB9FA1A601CBA00E9B192 /* Build configuration list for PBXProject "Maps" */;
			compatibilityVersion = "Xcode 3.2";
			developmentRegion = English;
			hasScannedForEncodings = 0;
			knownRegions = (
				en,
				Base,
			);
			mainGroup = 83CBB9F61A601CBA00E9B192;
			productRefGroup = 83CBBA001A601CBA00E9B192 /* Products */;
			projectDirPath = "";
			projectRoot = "";
			targets = (
				13B07F861A680F5B00A75B9A /* Maps */,
				00E356ED1AD99517003FC87E /* MapsTests */,
				2D02E47A1E0B4A5D006451C7 /* Maps-tvOS */,
				2D02E48F1E0B4A5D006451C7 /* Maps-tvOSTests */,
			);
		};
/* End PBXProject section */

/* Begin PBXResourcesBuildPhase section */
		00E356EC1AD99517003FC87E /* Resources */ = {
			isa = PBXResourcesBuildPhase;
			buildActionMask = 2147483647;
			files = (
			);
			runOnlyForDeploymentPostprocessing = 0;
		};
		13B07F8E1A680F5B00A75B9A /* Resources */ = {
			isa = PBXResourcesBuildPhase;
			buildActionMask = 2147483647;
			files = (
				13B07FBF1A68108700A75B9A /* Images.xcassets in Resources */,
				13B07FBD1A68108700A75B9A /* LaunchScreen.xib in Resources */,
				DB070873E349431683E2C5D4 /* Arial.ttf in Resources */,
				E638F25858AA4829AA4A263E /* BurlingamePro-Black.ttf in Resources */,
				5B9E2CF960FD493E9A1B973C /* BurlingamePro-BlackItalic.ttf in Resources */,
				4EB1A32572A14F4E84D3D337 /* BurlingamePro-Bold.ttf in Resources */,
				6075765EF2074314BF68D050 /* BurlingamePro-BoldItalic.ttf in Resources */,
				BB3C9A9807A84849A80E4E58 /* BurlingamePro-CnSemiBoldIt.ttf in Resources */,
				350D9F2CEAF649049A7A30C2 /* BurlingamePro-CondBlack.ttf in Resources */,
				92E128FE17584DBFBDE8C78A /* BurlingamePro-CondBlackIt.ttf in Resources */,
				082C34EEFB364D8ABEF05822 /* BurlingamePro-CondBold.ttf in Resources */,
				99ABC8AA42C3482D8470DE43 /* BurlingamePro-CondBoldIt.ttf in Resources */,
				3B64E1EEC19C49F8A823E782 /* BurlingamePro-Condensed.ttf in Resources */,
				0967B521CDAE4FB688E41BAB /* BurlingamePro-CondensedIt.ttf in Resources */,
				8EE2E1E0BCD54EAE81A2A293 /* BurlingamePro-CondLight.ttf in Resources */,
				9B53DED4DA7E4FD6A7178572 /* BurlingamePro-CondLightIt.ttf in Resources */,
				5881DFA739DF4F6D92AADABF /* BurlingamePro-CondMedium.ttf in Resources */,
				B608A03461E54264BA5D19BA /* BurlingamePro-CondMediumIt.ttf in Resources */,
				6BE99857750F441189535ED3 /* BurlingamePro-CondSemiBold.ttf in Resources */,
				D8BA314988674B17838CD502 /* BurlingamePro-CondThin.ttf in Resources */,
				7C2E7392EF5F43258E916932 /* BurlingamePro-CondThinIt.ttf in Resources */,
				3E4444BE3F9D4D2FA32E6F93 /* BurlingamePro-CondXBlack.ttf in Resources */,
				50020AC8D0C54332BBA88790 /* BurlingamePro-CondXBlackIt.ttf in Resources */,
				B24DCCF6086241B29161A0A0 /* BurlingamePro-CondXBold.ttf in Resources */,
				A55F021987E249F3881145D3 /* BurlingamePro-CondXBoldIt.ttf in Resources */,
				B2B1CA86CE6F4F53918A0F53 /* BurlingamePro-Italic.ttf in Resources */,
				409E1AB506A74A3EB5434629 /* BurlingamePro-Light.ttf in Resources */,
				AF04B6008B1C446E843CD6BB /* BurlingamePro-LightItalic.ttf in Resources */,
				78E35F482381481A8F33E55B /* BurlingamePro-Medium.ttf in Resources */,
				3822C2515F684F4F81DF6389 /* BurlingamePro-MediumItalic.ttf in Resources */,
				73C811CDB2CD4FBD8AAD0B02 /* BurlingamePro-Regular.ttf in Resources */,
				CA4A0BF444C64C2EB74720FB /* BurlingamePro-SemiBold.ttf in Resources */,
				4C6694156498415A8AB84661 /* BurlingamePro-SemiBoldIt.ttf in Resources */,
				6A1F8E472D6D450F9157FEBD /* BurlingamePro-Thin.ttf in Resources */,
				FEAE41605D7845CA9AD5C71A /* BurlingamePro-ThinItalic.ttf in Resources */,
				4601D9D696CE4E73ACB3F73D /* BurlingamePro-XBlack.ttf in Resources */,
				260FF0459ABB4178B458F5F9 /* BurlingamePro-XBlackIt.ttf in Resources */,
				77CBC6CB672A45B0BC6CEC5A /* BurlingamePro-XBold.ttf in Resources */,
				B04E8D78901D49B88C65E2CA /* BurlingamePro-XBoldIt.ttf in Resources */,
				8D744C2E9DFB46DE9587F3C1 /* HelveticaNeue.ttc in Resources */,
				B06FF3D6E7C5443BAEC82BF4 /* LexendGiga-Regular.ttf in Resources */,
				623C8613F8884A62A77651C6 /* MyriadPro-Semibold.otf in Resources */,
				BC3F7852EAA54052B2966F74 /* AntDesign.ttf in Resources */,
				FE71F17A3A9D474EB088B05B /* Entypo.ttf in Resources */,
				5266A2D4CFD14A5E9F7602AC /* EvilIcons.ttf in Resources */,
				D2A2BFAFFE944CA6B3676122 /* Feather.ttf in Resources */,
				AB96603960694DA89F5D63FA /* FontAwesome.ttf in Resources */,
				5489D71D509848DAAA605680 /* FontAwesome5_Brands.ttf in Resources */,
				B580108A6BBC4EDA8F48408F /* FontAwesome5_Regular.ttf in Resources */,
				92FB25E230604848AB67F562 /* FontAwesome5_Solid.ttf in Resources */,
				4E8B17B413B94789A7A19534 /* Fontisto.ttf in Resources */,
				F4BC7C411B414D7795ED7976 /* Foundation.ttf in Resources */,
				8F9571E64E434490A32A8072 /* Ionicons.ttf in Resources */,
				CAEAC1BFD76542D48AD48349 /* MaterialCommunityIcons.ttf in Resources */,
				EE6C435F1E0D4D89A2BB84CA /* MaterialIcons.ttf in Resources */,
				66C604EDAB954C75A03F33FA /* Octicons.ttf in Resources */,
				0B8E799179874A338E434B23 /* SimpleLineIcons.ttf in Resources */,
				A9B3EFDF9D11408997765A96 /* Zocial.ttf in Resources */,
			);
			runOnlyForDeploymentPostprocessing = 0;
		};
		2D02E4791E0B4A5D006451C7 /* Resources */ = {
			isa = PBXResourcesBuildPhase;
			buildActionMask = 2147483647;
			files = (
				2D02E4BD1E0B4A84006451C7 /* Images.xcassets in Resources */,
			);
			runOnlyForDeploymentPostprocessing = 0;
		};
		2D02E48E1E0B4A5D006451C7 /* Resources */ = {
			isa = PBXResourcesBuildPhase;
			buildActionMask = 2147483647;
			files = (
			);
			runOnlyForDeploymentPostprocessing = 0;
		};
/* End PBXResourcesBuildPhase section */

/* Begin PBXShellScriptBuildPhase section */
		00DD1BFF1BD5951E006B06BC /* Bundle React Native code and images */ = {
			isa = PBXShellScriptBuildPhase;
			buildActionMask = 2147483647;
			files = (
			);
			inputPaths = (
			);
			name = "Bundle React Native code and images";
			outputPaths = (
			);
			runOnlyForDeploymentPostprocessing = 0;
			shellPath = /bin/sh;
			shellScript = "export NODE_BINARY=node\n../node_modules/react-native/scripts/react-native-xcode.sh";
		};
		2D02E4CB1E0B4B27006451C7 /* Bundle React Native Code And Images */ = {
			isa = PBXShellScriptBuildPhase;
			buildActionMask = 2147483647;
			files = (
			);
			inputPaths = (
			);
			name = "Bundle React Native Code And Images";
			outputPaths = (
			);
			runOnlyForDeploymentPostprocessing = 0;
			shellPath = /bin/sh;
			shellScript = "export NODE_BINARY=node\n../node_modules/react-native/scripts/react-native-xcode.sh";
		};
		FD10A7F022414F080027D42C /* Start Packager */ = {
			isa = PBXShellScriptBuildPhase;
			buildActionMask = 2147483647;
			files = (
			);
			inputFileListPaths = (
			);
			inputPaths = (
			);
			name = "Start Packager";
			outputFileListPaths = (
			);
			outputPaths = (
			);
			runOnlyForDeploymentPostprocessing = 0;
			shellPath = /bin/sh;
			shellScript = "export RCT_METRO_PORT=\"${RCT_METRO_PORT:=8081}\"\necho \"export RCT_METRO_PORT=${RCT_METRO_PORT}\" > \"${SRCROOT}/../node_modules/react-native/scripts/.packager.env\"\nif [ -z \"${RCT_NO_LAUNCH_PACKAGER+xxx}\" ] ; then\n  if nc -w 5 -z localhost ${RCT_METRO_PORT} ; then\n    if ! curl -s \"http://localhost:${RCT_METRO_PORT}/status\" | grep -q \"packager-status:running\" ; then\n      echo \"Port ${RCT_METRO_PORT} already in use, packager is either not running or not running correctly\"\n      exit 2\n    fi\n  else\n    open \"$SRCROOT/../node_modules/react-native/scripts/launchPackager.command\" || echo \"Can't start packager automatically\"\n  fi\nfi\n";
			showEnvVarsInLog = 0;
		};
		FD10A7F122414F3F0027D42C /* Start Packager */ = {
			isa = PBXShellScriptBuildPhase;
			buildActionMask = 2147483647;
			files = (
			);
			inputFileListPaths = (
			);
			inputPaths = (
			);
			name = "Start Packager";
			outputFileListPaths = (
			);
			outputPaths = (
			);
			runOnlyForDeploymentPostprocessing = 0;
			shellPath = /bin/sh;
			shellScript = "export RCT_METRO_PORT=\"${RCT_METRO_PORT:=8081}\"\necho \"export RCT_METRO_PORT=${RCT_METRO_PORT}\" > \"${SRCROOT}/../node_modules/react-native/scripts/.packager.env\"\nif [ -z \"${RCT_NO_LAUNCH_PACKAGER+xxx}\" ] ; then\n  if nc -w 5 -z localhost ${RCT_METRO_PORT} ; then\n    if ! curl -s \"http://localhost:${RCT_METRO_PORT}/status\" | grep -q \"packager-status:running\" ; then\n      echo \"Port ${RCT_METRO_PORT} already in use, packager is either not running or not running correctly\"\n      exit 2\n    fi\n  else\n    open \"$SRCROOT/../node_modules/react-native/scripts/launchPackager.command\" || echo \"Can't start packager automatically\"\n  fi\nfi\n";
			showEnvVarsInLog = 0;
		};
/* End PBXShellScriptBuildPhase section */

/* Begin PBXSourcesBuildPhase section */
		00E356EA1AD99517003FC87E /* Sources */ = {
			isa = PBXSourcesBuildPhase;
			buildActionMask = 2147483647;
			files = (
				00E356F31AD99517003FC87E /* MapsTests.m in Sources */,
			);
			runOnlyForDeploymentPostprocessing = 0;
		};
		13B07F871A680F5B00A75B9A /* Sources */ = {
			isa = PBXSourcesBuildPhase;
			buildActionMask = 2147483647;
			files = (
				13B07FBC1A68108700A75B9A /* AppDelegate.m in Sources */,
				13B07FC11A68108700A75B9A /* main.m in Sources */,
			);
			runOnlyForDeploymentPostprocessing = 0;
		};
		2D02E4771E0B4A5D006451C7 /* Sources */ = {
			isa = PBXSourcesBuildPhase;
			buildActionMask = 2147483647;
			files = (
				2D02E4BF1E0B4AB3006451C7 /* main.m in Sources */,
				2D02E4BC1E0B4A80006451C7 /* AppDelegate.m in Sources */,
			);
			runOnlyForDeploymentPostprocessing = 0;
		};
		2D02E48C1E0B4A5D006451C7 /* Sources */ = {
			isa = PBXSourcesBuildPhase;
			buildActionMask = 2147483647;
			files = (
				2DCD954D1E0B4F2C00145EB5 /* MapsTests.m in Sources */,
			);
			runOnlyForDeploymentPostprocessing = 0;
		};
/* End PBXSourcesBuildPhase section */

/* Begin PBXTargetDependency section */
		00E356F51AD99517003FC87E /* PBXTargetDependency */ = {
			isa = PBXTargetDependency;
			target = 13B07F861A680F5B00A75B9A /* Maps */;
			targetProxy = 00E356F41AD99517003FC87E /* PBXContainerItemProxy */;
		};
		2D02E4921E0B4A5D006451C7 /* PBXTargetDependency */ = {
			isa = PBXTargetDependency;
			target = 2D02E47A1E0B4A5D006451C7 /* Maps-tvOS */;
			targetProxy = 2D02E4911E0B4A5D006451C7 /* PBXContainerItemProxy */;
		};
/* End PBXTargetDependency section */

/* Begin PBXVariantGroup section */
		13B07FB11A68108700A75B9A /* LaunchScreen.xib */ = {
			isa = PBXVariantGroup;
			children = (
				13B07FB21A68108700A75B9A /* Base */,
			);
			name = LaunchScreen.xib;
			path = Maps;
			sourceTree = "<group>";
		};
/* End PBXVariantGroup section */

/* Begin XCBuildConfiguration section */
		00E356F61AD99517003FC87E /* Debug */ = {
			isa = XCBuildConfiguration;
			buildSettings = {
				BUNDLE_LOADER = "$(TEST_HOST)";
				GCC_PREPROCESSOR_DEFINITIONS = (
					"DEBUG=1",
					"$(inherited)",
				);
				INFOPLIST_FILE = MapsTests/Info.plist;
				IPHONEOS_DEPLOYMENT_TARGET = 9.0;
				LD_RUNPATH_SEARCH_PATHS = "$(inherited) @executable_path/Frameworks @loader_path/Frameworks";
				OTHER_LDFLAGS = (
					"-ObjC",
					"-lc++",
					"$(inherited)",
				);
				PRODUCT_BUNDLE_IDENTIFIER = "org.reactjs.native.example.$(PRODUCT_NAME:rfc1034identifier)";
				PRODUCT_NAME = "$(TARGET_NAME)";
				TEST_HOST = "$(BUILT_PRODUCTS_DIR)/Maps.app/Maps";
			};
			name = Debug;
		};
		00E356F71AD99517003FC87E /* Release */ = {
			isa = XCBuildConfiguration;
			buildSettings = {
				BUNDLE_LOADER = "$(TEST_HOST)";
				COPY_PHASE_STRIP = NO;
				INFOPLIST_FILE = MapsTests/Info.plist;
				IPHONEOS_DEPLOYMENT_TARGET = 9.0;
				LD_RUNPATH_SEARCH_PATHS = "$(inherited) @executable_path/Frameworks @loader_path/Frameworks";
				OTHER_LDFLAGS = (
					"-ObjC",
					"-lc++",
					"$(inherited)",
				);
				PRODUCT_BUNDLE_IDENTIFIER = "org.reactjs.native.example.$(PRODUCT_NAME:rfc1034identifier)";
				PRODUCT_NAME = "$(TARGET_NAME)";
				TEST_HOST = "$(BUILT_PRODUCTS_DIR)/Maps.app/Maps";
			};
			name = Release;
		};
		13B07F941A680F5B00A75B9A /* Debug */ = {
			isa = XCBuildConfiguration;
			buildSettings = {
				ASSETCATALOG_COMPILER_APPICON_NAME = AppIcon;
				CURRENT_PROJECT_VERSION = 1;
				DEAD_CODE_STRIPPING = NO;
				INFOPLIST_FILE = Maps/Info.plist;
				LD_RUNPATH_SEARCH_PATHS = "$(inherited) @executable_path/Frameworks";
				OTHER_LDFLAGS = (
					"$(inherited)",
					"-ObjC",
					"-lc++",
				);
				PRODUCT_BUNDLE_IDENTIFIER = "org.reactjs.native.example.$(PRODUCT_NAME:rfc1034identifier)";
				PRODUCT_NAME = Maps;
				VERSIONING_SYSTEM = "apple-generic";
			};
			name = Debug;
		};
		13B07F951A680F5B00A75B9A /* Release */ = {
			isa = XCBuildConfiguration;
			buildSettings = {
				ASSETCATALOG_COMPILER_APPICON_NAME = AppIcon;
				CURRENT_PROJECT_VERSION = 1;
				INFOPLIST_FILE = Maps/Info.plist;
				LD_RUNPATH_SEARCH_PATHS = "$(inherited) @executable_path/Frameworks";
				OTHER_LDFLAGS = (
					"$(inherited)",
					"-ObjC",
					"-lc++",
				);
				PRODUCT_BUNDLE_IDENTIFIER = "org.reactjs.native.example.$(PRODUCT_NAME:rfc1034identifier)";
				PRODUCT_NAME = Maps;
				VERSIONING_SYSTEM = "apple-generic";
			};
			name = Release;
		};
		2D02E4971E0B4A5E006451C7 /* Debug */ = {
			isa = XCBuildConfiguration;
			buildSettings = {
				ASSETCATALOG_COMPILER_APPICON_NAME = "App Icon & Top Shelf Image";
				ASSETCATALOG_COMPILER_LAUNCHIMAGE_NAME = LaunchImage;
				CLANG_ANALYZER_NONNULL = YES;
				CLANG_WARN_DOCUMENTATION_COMMENTS = YES;
				CLANG_WARN_INFINITE_RECURSION = YES;
				CLANG_WARN_SUSPICIOUS_MOVE = YES;
				DEBUG_INFORMATION_FORMAT = dwarf;
				ENABLE_TESTABILITY = YES;
				GCC_NO_COMMON_BLOCKS = YES;
				INFOPLIST_FILE = "Maps-tvOS/Info.plist";
				LD_RUNPATH_SEARCH_PATHS = "$(inherited) @executable_path/Frameworks";
				OTHER_LDFLAGS = (
					"$(inherited)",
					"-ObjC",
					"-lc++",
				);
				PRODUCT_BUNDLE_IDENTIFIER = "com.facebook.REACT.Maps-tvOS";
				PRODUCT_NAME = "$(TARGET_NAME)";
				SDKROOT = appletvos;
				TARGETED_DEVICE_FAMILY = 3;
				TVOS_DEPLOYMENT_TARGET = 9.2;
			};
			name = Debug;
		};
		2D02E4981E0B4A5E006451C7 /* Release */ = {
			isa = XCBuildConfiguration;
			buildSettings = {
				ASSETCATALOG_COMPILER_APPICON_NAME = "App Icon & Top Shelf Image";
				ASSETCATALOG_COMPILER_LAUNCHIMAGE_NAME = LaunchImage;
				CLANG_ANALYZER_NONNULL = YES;
				CLANG_WARN_DOCUMENTATION_COMMENTS = YES;
				CLANG_WARN_INFINITE_RECURSION = YES;
				CLANG_WARN_SUSPICIOUS_MOVE = YES;
				COPY_PHASE_STRIP = NO;
				DEBUG_INFORMATION_FORMAT = "dwarf-with-dsym";
				GCC_NO_COMMON_BLOCKS = YES;
				INFOPLIST_FILE = "Maps-tvOS/Info.plist";
				LD_RUNPATH_SEARCH_PATHS = "$(inherited) @executable_path/Frameworks";
				OTHER_LDFLAGS = (
					"$(inherited)",
					"-ObjC",
					"-lc++",
				);
				PRODUCT_BUNDLE_IDENTIFIER = "com.facebook.REACT.Maps-tvOS";
				PRODUCT_NAME = "$(TARGET_NAME)";
				SDKROOT = appletvos;
				TARGETED_DEVICE_FAMILY = 3;
				TVOS_DEPLOYMENT_TARGET = 9.2;
			};
			name = Release;
		};
		2D02E4991E0B4A5E006451C7 /* Debug */ = {
			isa = XCBuildConfiguration;
			buildSettings = {
				BUNDLE_LOADER = "$(TEST_HOST)";
				CLANG_ANALYZER_NONNULL = YES;
				CLANG_WARN_DOCUMENTATION_COMMENTS = YES;
				CLANG_WARN_INFINITE_RECURSION = YES;
				CLANG_WARN_SUSPICIOUS_MOVE = YES;
				DEBUG_INFORMATION_FORMAT = dwarf;
				ENABLE_TESTABILITY = YES;
				GCC_NO_COMMON_BLOCKS = YES;
				INFOPLIST_FILE = "Maps-tvOSTests/Info.plist";
				LD_RUNPATH_SEARCH_PATHS = "$(inherited) @executable_path/Frameworks @loader_path/Frameworks";
				OTHER_LDFLAGS = (
					"$(inherited)",
					"-ObjC",
					"-lc++",
				);
				PRODUCT_BUNDLE_IDENTIFIER = "com.facebook.REACT.Maps-tvOSTests";
				PRODUCT_NAME = "$(TARGET_NAME)";
				SDKROOT = appletvos;
				TEST_HOST = "$(BUILT_PRODUCTS_DIR)/Maps-tvOS.app/Maps-tvOS";
				TVOS_DEPLOYMENT_TARGET = 10.1;
			};
			name = Debug;
		};
		2D02E49A1E0B4A5E006451C7 /* Release */ = {
			isa = XCBuildConfiguration;
			buildSettings = {
				BUNDLE_LOADER = "$(TEST_HOST)";
				CLANG_ANALYZER_NONNULL = YES;
				CLANG_WARN_DOCUMENTATION_COMMENTS = YES;
				CLANG_WARN_INFINITE_RECURSION = YES;
				CLANG_WARN_SUSPICIOUS_MOVE = YES;
				COPY_PHASE_STRIP = NO;
				DEBUG_INFORMATION_FORMAT = "dwarf-with-dsym";
				GCC_NO_COMMON_BLOCKS = YES;
				INFOPLIST_FILE = "Maps-tvOSTests/Info.plist";
				LD_RUNPATH_SEARCH_PATHS = "$(inherited) @executable_path/Frameworks @loader_path/Frameworks";
				OTHER_LDFLAGS = (
					"$(inherited)",
					"-ObjC",
					"-lc++",
				);
				PRODUCT_BUNDLE_IDENTIFIER = "com.facebook.REACT.Maps-tvOSTests";
				PRODUCT_NAME = "$(TARGET_NAME)";
				SDKROOT = appletvos;
				TEST_HOST = "$(BUILT_PRODUCTS_DIR)/Maps-tvOS.app/Maps-tvOS";
				TVOS_DEPLOYMENT_TARGET = 10.1;
			};
			name = Release;
		};
		83CBBA201A601CBA00E9B192 /* Debug */ = {
			isa = XCBuildConfiguration;
			buildSettings = {
				ALWAYS_SEARCH_USER_PATHS = NO;
				CLANG_CXX_LANGUAGE_STANDARD = "gnu++0x";
				CLANG_CXX_LIBRARY = "libc++";
				CLANG_ENABLE_MODULES = YES;
				CLANG_ENABLE_OBJC_ARC = YES;
				CLANG_WARN_BLOCK_CAPTURE_AUTORELEASING = YES;
				CLANG_WARN_BOOL_CONVERSION = YES;
				CLANG_WARN_COMMA = YES;
				CLANG_WARN_CONSTANT_CONVERSION = YES;
				CLANG_WARN_DEPRECATED_OBJC_IMPLEMENTATIONS = YES;
				CLANG_WARN_DIRECT_OBJC_ISA_USAGE = YES_ERROR;
				CLANG_WARN_EMPTY_BODY = YES;
				CLANG_WARN_ENUM_CONVERSION = YES;
				CLANG_WARN_INFINITE_RECURSION = YES;
				CLANG_WARN_INT_CONVERSION = YES;
				CLANG_WARN_NON_LITERAL_NULL_CONVERSION = YES;
				CLANG_WARN_OBJC_IMPLICIT_RETAIN_SELF = YES;
				CLANG_WARN_OBJC_LITERAL_CONVERSION = YES;
				CLANG_WARN_OBJC_ROOT_CLASS = YES_ERROR;
				CLANG_WARN_RANGE_LOOP_ANALYSIS = YES;
				CLANG_WARN_STRICT_PROTOTYPES = YES;
				CLANG_WARN_SUSPICIOUS_MOVE = YES;
				CLANG_WARN_UNREACHABLE_CODE = YES;
				CLANG_WARN__DUPLICATE_METHOD_MATCH = YES;
				"CODE_SIGN_IDENTITY[sdk=iphoneos*]" = "iPhone Developer";
				COPY_PHASE_STRIP = NO;
				ENABLE_STRICT_OBJC_MSGSEND = YES;
				ENABLE_TESTABILITY = YES;
				GCC_C_LANGUAGE_STANDARD = gnu99;
				GCC_DYNAMIC_NO_PIC = NO;
				GCC_NO_COMMON_BLOCKS = YES;
				GCC_OPTIMIZATION_LEVEL = 0;
				GCC_PREPROCESSOR_DEFINITIONS = (
					"DEBUG=1",
					"$(inherited)",
				);
				GCC_SYMBOLS_PRIVATE_EXTERN = NO;
				GCC_WARN_64_TO_32_BIT_CONVERSION = YES;
				GCC_WARN_ABOUT_RETURN_TYPE = YES_ERROR;
				GCC_WARN_UNDECLARED_SELECTOR = YES;
				GCC_WARN_UNINITIALIZED_AUTOS = YES_AGGRESSIVE;
				GCC_WARN_UNUSED_FUNCTION = YES;
				GCC_WARN_UNUSED_VARIABLE = YES;
				IPHONEOS_DEPLOYMENT_TARGET = 9.0;
				MTL_ENABLE_DEBUG_INFO = YES;
				ONLY_ACTIVE_ARCH = YES;
				SDKROOT = iphoneos;
			};
			name = Debug;
		};
		83CBBA211A601CBA00E9B192 /* Release */ = {
			isa = XCBuildConfiguration;
			buildSettings = {
				ALWAYS_SEARCH_USER_PATHS = NO;
				CLANG_CXX_LANGUAGE_STANDARD = "gnu++0x";
				CLANG_CXX_LIBRARY = "libc++";
				CLANG_ENABLE_MODULES = YES;
				CLANG_ENABLE_OBJC_ARC = YES;
				CLANG_WARN_BLOCK_CAPTURE_AUTORELEASING = YES;
				CLANG_WARN_BOOL_CONVERSION = YES;
				CLANG_WARN_COMMA = YES;
				CLANG_WARN_CONSTANT_CONVERSION = YES;
				CLANG_WARN_DEPRECATED_OBJC_IMPLEMENTATIONS = YES;
				CLANG_WARN_DIRECT_OBJC_ISA_USAGE = YES_ERROR;
				CLANG_WARN_EMPTY_BODY = YES;
				CLANG_WARN_ENUM_CONVERSION = YES;
				CLANG_WARN_INFINITE_RECURSION = YES;
				CLANG_WARN_INT_CONVERSION = YES;
				CLANG_WARN_NON_LITERAL_NULL_CONVERSION = YES;
				CLANG_WARN_OBJC_IMPLICIT_RETAIN_SELF = YES;
				CLANG_WARN_OBJC_LITERAL_CONVERSION = YES;
				CLANG_WARN_OBJC_ROOT_CLASS = YES_ERROR;
				CLANG_WARN_RANGE_LOOP_ANALYSIS = YES;
				CLANG_WARN_STRICT_PROTOTYPES = YES;
				CLANG_WARN_SUSPICIOUS_MOVE = YES;
				CLANG_WARN_UNREACHABLE_CODE = YES;
				CLANG_WARN__DUPLICATE_METHOD_MATCH = YES;
				"CODE_SIGN_IDENTITY[sdk=iphoneos*]" = "iPhone Developer";
				COPY_PHASE_STRIP = YES;
				ENABLE_NS_ASSERTIONS = NO;
				ENABLE_STRICT_OBJC_MSGSEND = YES;
				GCC_C_LANGUAGE_STANDARD = gnu99;
				GCC_NO_COMMON_BLOCKS = YES;
				GCC_WARN_64_TO_32_BIT_CONVERSION = YES;
				GCC_WARN_ABOUT_RETURN_TYPE = YES_ERROR;
				GCC_WARN_UNDECLARED_SELECTOR = YES;
				GCC_WARN_UNINITIALIZED_AUTOS = YES_AGGRESSIVE;
				GCC_WARN_UNUSED_FUNCTION = YES;
				GCC_WARN_UNUSED_VARIABLE = YES;
				IPHONEOS_DEPLOYMENT_TARGET = 9.0;
				MTL_ENABLE_DEBUG_INFO = NO;
				SDKROOT = iphoneos;
				VALIDATE_PRODUCT = YES;
			};
			name = Release;
		};
/* End XCBuildConfiguration section */

/* Begin XCConfigurationList section */
		00E357021AD99517003FC87E /* Build configuration list for PBXNativeTarget "MapsTests" */ = {
			isa = XCConfigurationList;
			buildConfigurations = (
				00E356F61AD99517003FC87E /* Debug */,
				00E356F71AD99517003FC87E /* Release */,
			);
			defaultConfigurationIsVisible = 0;
			defaultConfigurationName = Release;
		};
		13B07F931A680F5B00A75B9A /* Build configuration list for PBXNativeTarget "Maps" */ = {
			isa = XCConfigurationList;
			buildConfigurations = (
				13B07F941A680F5B00A75B9A /* Debug */,
				13B07F951A680F5B00A75B9A /* Release */,
			);
			defaultConfigurationIsVisible = 0;
			defaultConfigurationName = Release;
		};
		2D02E4BA1E0B4A5E006451C7 /* Build configuration list for PBXNativeTarget "Maps-tvOS" */ = {
			isa = XCConfigurationList;
			buildConfigurations = (
				2D02E4971E0B4A5E006451C7 /* Debug */,
				2D02E4981E0B4A5E006451C7 /* Release */,
			);
			defaultConfigurationIsVisible = 0;
			defaultConfigurationName = Release;
		};
		2D02E4BB1E0B4A5E006451C7 /* Build configuration list for PBXNativeTarget "Maps-tvOSTests" */ = {
			isa = XCConfigurationList;
			buildConfigurations = (
				2D02E4991E0B4A5E006451C7 /* Debug */,
				2D02E49A1E0B4A5E006451C7 /* Release */,
			);
			defaultConfigurationIsVisible = 0;
			defaultConfigurationName = Release;
		};
		83CBB9FA1A601CBA00E9B192 /* Build configuration list for PBXProject "Maps" */ = {
			isa = XCConfigurationList;
			buildConfigurations = (
				83CBBA201A601CBA00E9B192 /* Debug */,
				83CBBA211A601CBA00E9B192 /* Release */,
			);
			defaultConfigurationIsVisible = 0;
			defaultConfigurationName = Release;
		};
/* End XCConfigurationList section */
	};
	rootObject = 83CBB9F71A601CBA00E9B192 /* Project object */;
}
